
Microsoft Visual Studio Solution File, Format Version 12.00
# Visual Studio Version 16
VisualStudioVersion = 16.0.31005.135
MinimumVisualStudioVersion = 10.0.40219.1
Project("{8BC9CEB8-8B4A-11D0-8D11-00A0C91BC942}") = "Project1", "Project1\Project1.vcxproj", "{6816A7A0-3447-4C68-84BA-7BD770C990A8}"
EndProject
Project("{2150E333-8FDC-42A3-9474-1A3956D46DE8}") = "unit01", "unit01", "{6C2D0EA6-C83E-4706-B144-74E57BBB4A2A}"
EndProject
Project("{2150E333-8FDC-42A3-9474-1A3956D46DE8}") = "Misc", "Misc", "{66A5ABF0-801D-45A9-8140-B7AECF3114D2}"
EndProject
Project("{2150E333-8FDC-42A3-9474-1A3956D46DE8}") = "Unit02", "Unit02", "{1E705C86-C2E9-4B82-805C-EDC6B53F371C}"
EndProject
Project("{8BC9CEB8-8B4A-11D0-8D11-00A0C91BC942}") = "TestReferenceVariable", "TestReferenceVariable\TestReferenceVariable.vcxproj", "{3AFF4F93-16E2-452A-B275-7D6B7596A70F}"
EndProject
Project("{2150E333-8FDC-42A3-9474-1A3956D46DE8}") = "Unit03", "Unit03", "{A9525D48-08EF-44B7-BC7B-BB4EF8A60316}"
EndProject
Project("{8BC9CEB8-8B4A-11D0-8D11-00A0C91BC942}") = "PassByValue", "PassByValue\PassByValue.vcxproj", "{F37D7E11-79A4-4BB0-B7BE-6BAAC05C539A}"
EndProject
Project("{8BC9CEB8-8B4A-11D0-8D11-00A0C91BC942}") = "PassByPointer", "PassByPoint\PassByPoint.vcxproj", "{7EE66BCC-EA8B-4F3E-BD64-84C2278318E8}"
EndProject
Project("{8BC9CEB8-8B4A-11D0-8D11-00A0C91BC942}") = "PassByReference", "PassByReference\PassByReference.vcxproj", "{FFDBD48B-F8D7-44A3-A0BB-58CCFA9320DC}"
EndProject
Project("{8BC9CEB8-8B4A-11D0-8D11-00A0C91BC942}") = "TestNewDelete", "TestNewDelete\TestNewDelete.vcxproj", "{5E87B415-AE86-4778-995C-89A6C722A9A7}"
EndProject
Project("{2150E333-8FDC-42A3-9474-1A3956D46DE8}") = "Unit04", "Unit04", "{E1434596-1440-4882-B512-28FADD9F053A}"
EndProject
Project("{8BC9CEB8-8B4A-11D0-8D11-00A0C91BC942}") = "TestDataType", "TestDataType\TestDataType.vcxproj", "{4829F88E-2F90-447E-B1A6-42B9F8994C4E}"
EndProject
Project("{8BC9CEB8-8B4A-11D0-8D11-00A0C91BC942}") = "TesrAuto", "TesrAuto\TesrAuto.vcxproj", "{301162DD-912A-47DF-A867-A54F4D5FF40C}"
EndProject
Project("{8BC9CEB8-8B4A-11D0-8D11-00A0C91BC942}") = "TestConstant", "TestConstabt\TestConstabt.vcxproj", "{A3115B71-43C8-4202-9109-4958D607EA4B}"
EndProject
Project("{8BC9CEB8-8B4A-11D0-8D11-00A0C91BC942}") = "TastSpecialFunctions", "TastSpecialFunctions\TastSpecialFunctions.vcxproj", "{89E9C3E5-D614-4641-816B-B30D677E648C}"
EndProject
Project("{2150E333-8FDC-42A3-9474-1A3956D46DE8}") = "UnitA1", "UnitA1", "{3F0215E6-DD63-420D-A0C3-7D7776901862}"
EndProject
Project("{8BC9CEB8-8B4A-11D0-8D11-00A0C91BC942}") = "IfWithInitializer", "IfWithInitializer\IfWithInitializer.vcxproj", "{28F1C91D-19D2-462A-958C-EC578A1404EC}"
EndProject
Global
	GlobalSection(SolutionConfigurationPlatforms) = preSolution
		Debug|x64 = Debug|x64
		Debug|x86 = Debug|x86
		Release|x64 = Release|x64
		Release|x86 = Release|x86
	EndGlobalSection
	GlobalSection(ProjectConfigurationPlatforms) = postSolution
		{6816A7A0-3447-4C68-84BA-7BD770C990A8}.Debug|x64.ActiveCfg = Debug|x64
		{6816A7A0-3447-4C68-84BA-7BD770C990A8}.Debug|x64.Build.0 = Debug|x64
		{6816A7A0-3447-4C68-84BA-7BD770C990A8}.Debug|x86.ActiveCfg = Debug|Win32
		{6816A7A0-3447-4C68-84BA-7BD770C990A8}.Debug|x86.Build.0 = Debug|Win32
		{6816A7A0-3447-4C68-84BA-7BD770C990A8}.Release|x64.ActiveCfg = Release|x64
		{6816A7A0-3447-4C68-84BA-7BD770C990A8}.Release|x64.Build.0 = Release|x64
		{6816A7A0-3447-4C68-84BA-7BD770C990A8}.Release|x86.ActiveCfg = Release|Win32
		{6816A7A0-3447-4C68-84BA-7BD770C990A8}.Release|x86.Build.0 = Release|Win32
		{3AFF4F93-16E2-452A-B275-7D6B7596A70F}.Debug|x64.ActiveCfg = Debug|x64
		{3AFF4F93-16E2-452A-B275-7D6B7596A70F}.Debug|x64.Build.0 = Debug|x64
		{3AFF4F93-16E2-452A-B275-7D6B7596A70F}.Debug|x86.ActiveCfg = Debug|Win32
		{3AFF4F93-16E2-452A-B275-7D6B7596A70F}.Debug|x86.Build.0 = Debug|Win32
		{3AFF4F93-16E2-452A-B275-7D6B7596A70F}.Release|x64.ActiveCfg = Release|x64
		{3AFF4F93-16E2-452A-B275-7D6B7596A70F}.Release|x64.Build.0 = Release|x64
		{3AFF4F93-16E2-452A-B275-7D6B7596A70F}.Release|x86.ActiveCfg = Release|Win32
		{3AFF4F93-16E2-452A-B275-7D6B7596A70F}.Release|x86.Build.0 = Release|Win32
		{F37D7E11-79A4-4BB0-B7BE-6BAAC05C539A}.Debug|x64.ActiveCfg = Debug|x64
		{F37D7E11-79A4-4BB0-B7BE-6BAAC05C539A}.Debug|x64.Build.0 = Debug|x64
		{F37D7E11-79A4-4BB0-B7BE-6BAAC05C539A}.Debug|x86.ActiveCfg = Debug|Win32
		{F37D7E11-79A4-4BB0-B7BE-6BAAC05C539A}.Debug|x86.Build.0 = Debug|Win32
		{F37D7E11-79A4-4BB0-B7BE-6BAAC05C539A}.Release|x64.ActiveCfg = Release|x64
		{F37D7E11-79A4-4BB0-B7BE-6BAAC05C539A}.Release|x64.Build.0 = Release|x64
		{F37D7E11-79A4-4BB0-B7BE-6BAAC05C539A}.Release|x86.ActiveCfg = Release|Win32
		{F37D7E11-79A4-4BB0-B7BE-6BAAC05C539A}.Release|x86.Build.0 = Release|Win32
		{7EE66BCC-EA8B-4F3E-BD64-84C2278318E8}.Debug|x64.ActiveCfg = Debug|x64
		{7EE66BCC-EA8B-4F3E-BD64-84C2278318E8}.Debug|x64.Build.0 = Debug|x64
		{7EE66BCC-EA8B-4F3E-BD64-84C2278318E8}.Debug|x86.ActiveCfg = Debug|Win32
		{7EE66BCC-EA8B-4F3E-BD64-84C2278318E8}.Debug|x86.Build.0 = Debug|Win32
		{7EE66BCC-EA8B-4F3E-BD64-84C2278318E8}.Release|x64.ActiveCfg = Release|x64
		{7EE66BCC-EA8B-4F3E-BD64-84C2278318E8}.Release|x64.Build.0 = Release|x64
		{7EE66BCC-EA8B-4F3E-BD64-84C2278318E8}.Release|x86.ActiveCfg = Release|Win32
		{7EE66BCC-EA8B-4F3E-BD64-84C2278318E8}.Release|x86.Build.0 = Release|Win32
		{FFDBD48B-F8D7-44A3-A0BB-58CCFA9320DC}.Debug|x64.ActiveCfg = Debug|x64
		{FFDBD48B-F8D7-44A3-A0BB-58CCFA9320DC}.Debug|x64.Build.0 = Debug|x64
		{FFDBD48B-F8D7-44A3-A0BB-58CCFA9320DC}.Debug|x86.ActiveCfg = Debug|Win32
		{FFDBD48B-F8D7-44A3-A0BB-58CCFA9320DC}.Debug|x86.Build.0 = Debug|Win32
		{FFDBD48B-F8D7-44A3-A0BB-58CCFA9320DC}.Release|x64.ActiveCfg = Release|x64
		{FFDBD48B-F8D7-44A3-A0BB-58CCFA9320DC}.Release|x64.Build.0 = Release|x64
		{FFDBD48B-F8D7-44A3-A0BB-58CCFA9320DC}.Release|x86.ActiveCfg = Release|Win32
		{FFDBD48B-F8D7-44A3-A0BB-58CCFA9320DC}.Release|x86.Build.0 = Release|Win32
		{5E87B415-AE86-4778-995C-89A6C722A9A7}.Debug|x64.ActiveCfg = Debug|x64
		{5E87B415-AE86-4778-995C-89A6C722A9A7}.Debug|x64.Build.0 = Debug|x64
		{5E87B415-AE86-4778-995C-89A6C722A9A7}.Debug|x86.ActiveCfg = Debug|Win32
		{5E87B415-AE86-4778-995C-89A6C722A9A7}.Debug|x86.Build.0 = Debug|Win32
		{5E87B415-AE86-4778-995C-89A6C722A9A7}.Release|x64.ActiveCfg = Release|x64
		{5E87B415-AE86-4778-995C-89A6C722A9A7}.Release|x64.Build.0 = Release|x64
		{5E87B415-AE86-4778-995C-89A6C722A9A7}.Release|x86.ActiveCfg = Release|Win32
		{5E87B415-AE86-4778-995C-89A6C722A9A7}.Release|x86.Build.0 = Release|Win32
		{4829F88E-2F90-447E-B1A6-42B9F8994C4E}.Debug|x64.ActiveCfg = Debug|x64
		{4829F88E-2F90-447E-B1A6-42B9F8994C4E}.Debug|x64.Build.0 = Debug|x64
		{4829F88E-2F90-447E-B1A6-42B9F8994C4E}.Debug|x86.ActiveCfg = Debug|Win32
		{4829F88E-2F90-447E-B1A6-42B9F8994C4E}.Debug|x86.Build.0 = Debug|Win32
		{4829F88E-2F90-447E-B1A6-42B9F8994C4E}.Release|x64.ActiveCfg = Release|x64
		{4829F88E-2F90-447E-B1A6-42B9F8994C4E}.Release|x64.Build.0 = Release|x64
		{4829F88E-2F90-447E-B1A6-42B9F8994C4E}.Release|x86.ActiveCfg = Release|Win32
		{4829F88E-2F90-447E-B1A6-42B9F8994C4E}.Release|x86.Build.0 = Release|Win32
		{301162DD-912A-47DF-A867-A54F4D5FF40C}.Debug|x64.ActiveCfg = Debug|x64
		{301162DD-912A-47DF-A867-A54F4D5FF40C}.Debug|x64.Build.0 = Debug|x64
		{301162DD-912A-47DF-A867-A54F4D5FF40C}.Debug|x86.ActiveCfg = Debug|Win32
		{301162DD-912A-47DF-A867-A54F4D5FF40C}.Debug|x86.Build.0 = Debug|Win32
		{301162DD-912A-47DF-A867-A54F4D5FF40C}.Release|x64.ActiveCfg = Release|x64
		{301162DD-912A-47DF-A867-A54F4D5FF40C}.Release|x64.Build.0 = Release|x64
		{301162DD-912A-47DF-A867-A54F4D5FF40C}.Release|x86.ActiveCfg = Release|Win32
		{301162DD-912A-47DF-A867-A54F4D5FF40C}.Release|x86.Build.0 = Release|Win32
		{A3115B71-43C8-4202-9109-4958D607EA4B}.Debug|x64.ActiveCfg = Debug|x64
		{A3115B71-43C8-4202-9109-4958D607EA4B}.Debug|x64.Build.0 = Debug|x64
		{A3115B71-43C8-4202-9109-4958D607EA4B}.Debug|x86.ActiveCfg = Debug|Win32
		{A3115B71-43C8-4202-9109-4958D607EA4B}.Debug|x86.Build.0 = Debug|Win32
		{A3115B71-43C8-4202-9109-4958D607EA4B}.Release|x64.ActiveCfg = Release|x64
		{A3115B71-43C8-4202-9109-4958D607EA4B}.Release|x64.Build.0 = Release|x64
		{A3115B71-43C8-4202-9109-4958D607EA4B}.Release|x86.ActiveCfg = Release|Win32
		{A3115B71-43C8-4202-9109-4958D607EA4B}.Release|x86.Build.0 = Release|Win32
		{89E9C3E5-D614-4641-816B-B30D677E648C}.Debug|x64.ActiveCfg = Debug|x64
		{89E9C3E5-D614-4641-816B-B30D677E648C}.Debug|x64.Build.0 = Debug|x64
		{89E9C3E5-D614-4641-816B-B30D677E648C}.Debug|x86.ActiveCfg = Debug|Win32
		{89E9C3E5-D614-4641-816B-B30D677E648C}.Debug|x86.Build.0 = Debug|Win32
		{89E9C3E5-D614-4641-816B-B30D677E648C}.Release|x64.ActiveCfg = Release|x64
		{89E9C3E5-D614-4641-816B-B30D677E648C}.Release|x64.Build.0 = Release|x64
		{89E9C3E5-D614-4641-816B-B30D677E648C}.Release|x86.ActiveCfg = Release|Win32
		{89E9C3E5-D614-4641-816B-B30D677E648C}.Release|x86.Build.0 = Release|Win32
		{28F1C91D-19D2-462A-958C-EC578A1404EC}.Debug|x64.ActiveCfg = Debug|x64
		{28F1C91D-19D2-462A-958C-EC578A1404EC}.Debug|x64.Build.0 = Debug|x64
		{28F1C91D-19D2-462A-958C-EC578A1404EC}.Debug|x86.ActiveCfg = Debug|Win32
		{28F1C91D-19D2-462A-958C-EC578A1404EC}.Debug|x86.Build.0 = Debug|Win32
		{28F1C91D-19D2-462A-958C-EC578A1404EC}.Release|x64.ActiveCfg = Release|x64
		{28F1C91D-19D2-462A-958C-EC578A1404EC}.Release|x64.Build.0 = Release|x64
		{28F1C91D-19D2-462A-958C-EC578A1404EC}.Release|x86.ActiveCfg = Release|Win32
		{28F1C91D-19D2-462A-958C-EC578A1404EC}.Release|x86.Build.0 = Release|Win32
	EndGlobalSection
	GlobalSection(SolutionProperties) = preSolution
		HideSolutionNode = FALSE
	EndGlobalSection
	GlobalSection(NestedProjects) = preSolution
		{6816A7A0-3447-4C68-84BA-7BD770C990A8} = {6C2D0EA6-C83E-4706-B144-74E57BBB4A2A}
		{3AFF4F93-16E2-452A-B275-7D6B7596A70F} = {1E705C86-C2E9-4B82-805C-EDC6B53F371C}
		{F37D7E11-79A4-4BB0-B7BE-6BAAC05C539A} = {A9525D48-08EF-44B7-BC7B-BB4EF8A60316}
		{7EE66BCC-EA8B-4F3E-BD64-84C2278318E8} = {A9525D48-08EF-44B7-BC7B-BB4EF8A60316}
		{FFDBD48B-F8D7-44A3-A0BB-58CCFA9320DC} = {A9525D48-08EF-44B7-BC7B-BB4EF8A60316}
		{5E87B415-AE86-4778-995C-89A6C722A9A7} = {A9525D48-08EF-44B7-BC7B-BB4EF8A60316}
		{4829F88E-2F90-447E-B1A6-42B9F8994C4E} = {A9525D48-08EF-44B7-BC7B-BB4EF8A60316}
		{301162DD-912A-47DF-A867-A54F4D5FF40C} = {A9525D48-08EF-44B7-BC7B-BB4EF8A60316}
		{A3115B71-43C8-4202-9109-4958D607EA4B} = {A9525D48-08EF-44B7-BC7B-BB4EF8A60316}
		{89E9C3E5-D614-4641-816B-B30D677E648C} = {A9525D48-08EF-44B7-BC7B-BB4EF8A60316}
		{28F1C91D-19D2-462A-958C-EC578A1404EC} = {3F0215E6-DD63-420D-A0C3-7D7776901862}
	EndGlobalSection
	GlobalSection(ExtensibilityGlobals) = postSolution
		SolutionGuid = {78F532F5-861D-4148-9B4C-1DBD3EE554BE}
	EndGlobalSection
EndGlobal
